
Microsoft Visual Studio Solution File, Format Version 12.00
# Visual Studio Version 17
VisualStudioVersion = 17.4.33027.239
MinimumVisualStudioVersion = 10.0.40219.1
Project("{2150E333-8FDC-42A3-9474-1A3956D46DE8}") = "Web", "Web", "{66A7EFD6-047A-4BC1-8D6F-889FE787995B}"
EndProject
Project("{2150E333-8FDC-42A3-9474-1A3956D46DE8}") = "Libs", "Libs", "{489066E7-6F95-49F3-826A-13ED2E781225}"
EndProject
Project("{9A19103F-16F7-4668-BE54-9A1E7A4F7556}") = "MoslemToolkit.Tools", "MoslemToolkit.Tools\MoslemToolkit.Tools.csproj", "{744B652A-12EA-4E16-AFB3-FFFAFDE7E19C}"
EndProject
Project("{9A19103F-16F7-4668-BE54-9A1E7A4F7556}") = "MoslemToolkit.Models", "MoslemToolkit.Models\MoslemToolkit.Models.csproj", "{D6EA0CD0-AF24-40CF-AAFE-DB4A8588056D}"
EndProject
Project("{2150E333-8FDC-42A3-9474-1A3956D46DE8}") = "Shared", "Shared", "{8090C090-4458-4BE2-AE31-B4C9626261A6}"
EndProject
Project("{9A19103F-16F7-4668-BE54-9A1E7A4F7556}") = "MoslemToolkit", "MoslemToolkit\MoslemToolkit.csproj", "{7B3BA7BC-B925-4153-9975-E2C458992E11}"
EndProject
Project("{9A19103F-16F7-4668-BE54-9A1E7A4F7556}") = "OnnxObjectDetection", "OnnxObjectDetection\OnnxObjectDetection.csproj", "{3996404F-53FE-41D2-96FE-A9E40154BE69}"
EndProject
Project("{2150E333-8FDC-42A3-9474-1A3956D46DE8}") = "Services", "Services", "{8045CC64-2477-499F-B7FC-FACC687D2B1F}"
EndProject
Project("{2150E333-8FDC-42A3-9474-1A3956D46DE8}") = "Monitoring", "Monitoring", "{3D252C3D-2DAC-4DF7-BBC6-67CD2336ED01}"
EndProject
Project("{2150E333-8FDC-42A3-9474-1A3956D46DE8}") = "TV", "TV", "{9F1C60C5-D6CA-4E3A-8F1C-4E886265FA51}"
EndProject
Project("{9A19103F-16F7-4668-BE54-9A1E7A4F7556}") = "CCTVMasjid", "CCTVMasjid\CCTVMasjid.csproj", "{CA0DD98B-E405-4324-9956-F6DB60020966}"
EndProject
Project("{9A19103F-16F7-4668-BE54-9A1E7A4F7556}") = "SmsBroadcastService", "SmsBroadcastService\SmsBroadcastService.csproj", "{17FE9243-B5FF-4FD3-AE48-D7E3B133575F}"
EndProject
Project("{9A19103F-16F7-4668-BE54-9A1E7A4F7556}") = "Mosque.ClockApp.Shared", "Mosque.ClockApp\Shared\Mosque.ClockApp.Shared.csproj", "{D0637C9F-8D74-47BA-A027-6FBA38A87638}"
EndProject
Project("{9A19103F-16F7-4668-BE54-9A1E7A4F7556}") = "Mosque.ClockApp.Client", "Mosque.ClockApp\Client\Mosque.ClockApp.Client.csproj", "{EA310C7F-0A7C-4D0F-A6D4-A7D959CC4145}"
EndProject
Project("{9A19103F-16F7-4668-BE54-9A1E7A4F7556}") = "Mosque.ClockApp.Server", "Mosque.ClockApp\Server\Mosque.ClockApp.Server.csproj", "{16799416-316E-4797-B196-34762FC8BFDF}"
EndProject
Global
	GlobalSection(SolutionConfigurationPlatforms) = preSolution
		Debug|Any CPU = Debug|Any CPU
		Release|Any CPU = Release|Any CPU
	EndGlobalSection
	GlobalSection(ProjectConfigurationPlatforms) = postSolution
		{744B652A-12EA-4E16-AFB3-FFFAFDE7E19C}.Debug|Any CPU.ActiveCfg = Debug|Any CPU
		{744B652A-12EA-4E16-AFB3-FFFAFDE7E19C}.Debug|Any CPU.Build.0 = Debug|Any CPU
		{744B652A-12EA-4E16-AFB3-FFFAFDE7E19C}.Release|Any CPU.ActiveCfg = Release|Any CPU
		{744B652A-12EA-4E16-AFB3-FFFAFDE7E19C}.Release|Any CPU.Build.0 = Release|Any CPU
		{D6EA0CD0-AF24-40CF-AAFE-DB4A8588056D}.Debug|Any CPU.ActiveCfg = Debug|Any CPU
		{D6EA0CD0-AF24-40CF-AAFE-DB4A8588056D}.Debug|Any CPU.Build.0 = Debug|Any CPU
		{D6EA0CD0-AF24-40CF-AAFE-DB4A8588056D}.Release|Any CPU.ActiveCfg = Release|Any CPU
		{D6EA0CD0-AF24-40CF-AAFE-DB4A8588056D}.Release|Any CPU.Build.0 = Release|Any CPU
		{7B3BA7BC-B925-4153-9975-E2C458992E11}.Debug|Any CPU.ActiveCfg = Debug|Any CPU
		{7B3BA7BC-B925-4153-9975-E2C458992E11}.Debug|Any CPU.Build.0 = Debug|Any CPU
		{7B3BA7BC-B925-4153-9975-E2C458992E11}.Release|Any CPU.ActiveCfg = Release|Any CPU
		{7B3BA7BC-B925-4153-9975-E2C458992E11}.Release|Any CPU.Build.0 = Release|Any CPU
		{3996404F-53FE-41D2-96FE-A9E40154BE69}.Debug|Any CPU.ActiveCfg = Debug|Any CPU
		{3996404F-53FE-41D2-96FE-A9E40154BE69}.Debug|Any CPU.Build.0 = Debug|Any CPU
		{3996404F-53FE-41D2-96FE-A9E40154BE69}.Release|Any CPU.ActiveCfg = Release|Any CPU
		{3996404F-53FE-41D2-96FE-A9E40154BE69}.Release|Any CPU.Build.0 = Release|Any CPU
		{CA0DD98B-E405-4324-9956-F6DB60020966}.Debug|Any CPU.ActiveCfg = Debug|Any CPU
		{CA0DD98B-E405-4324-9956-F6DB60020966}.Debug|Any CPU.Build.0 = Debug|Any CPU
		{CA0DD98B-E405-4324-9956-F6DB60020966}.Release|Any CPU.ActiveCfg = Release|Any CPU
		{CA0DD98B-E405-4324-9956-F6DB60020966}.Release|Any CPU.Build.0 = Release|Any CPU
		{17FE9243-B5FF-4FD3-AE48-D7E3B133575F}.Debug|Any CPU.ActiveCfg = Debug|Any CPU
		{17FE9243-B5FF-4FD3-AE48-D7E3B133575F}.Debug|Any CPU.Build.0 = Debug|Any CPU
		{17FE9243-B5FF-4FD3-AE48-D7E3B133575F}.Release|Any CPU.ActiveCfg = Release|Any CPU
		{17FE9243-B5FF-4FD3-AE48-D7E3B133575F}.Release|Any CPU.Build.0 = Release|Any CPU
		{D0637C9F-8D74-47BA-A027-6FBA38A87638}.Debug|Any CPU.ActiveCfg = Debug|Any CPU
		{D0637C9F-8D74-47BA-A027-6FBA38A87638}.Debug|Any CPU.Build.0 = Debug|Any CPU
		{D0637C9F-8D74-47BA-A027-6FBA38A87638}.Release|Any CPU.ActiveCfg = Release|Any CPU
		{D0637C9F-8D74-47BA-A027-6FBA38A87638}.Release|Any CPU.Build.0 = Release|Any CPU
		{EA310C7F-0A7C-4D0F-A6D4-A7D959CC4145}.Debug|Any CPU.ActiveCfg = Debug|Any CPU
		{EA310C7F-0A7C-4D0F-A6D4-A7D959CC4145}.Debug|Any CPU.Build.0 = Debug|Any CPU
		{EA310C7F-0A7C-4D0F-A6D4-A7D959CC4145}.Release|Any CPU.ActiveCfg = Release|Any CPU
		{EA310C7F-0A7C-4D0F-A6D4-A7D959CC4145}.Release|Any CPU.Build.0 = Release|Any CPU
		{16799416-316E-4797-B196-34762FC8BFDF}.Debug|Any CPU.ActiveCfg = Debug|Any CPU
		{16799416-316E-4797-B196-34762FC8BFDF}.Debug|Any CPU.Build.0 = Debug|Any CPU
		{16799416-316E-4797-B196-34762FC8BFDF}.Release|Any CPU.ActiveCfg = Release|Any CPU
		{16799416-316E-4797-B196-34762FC8BFDF}.Release|Any CPU.Build.0 = Release|Any CPU
	EndGlobalSection
	GlobalSection(SolutionProperties) = preSolution
		HideSolutionNode = FALSE
	EndGlobalSection
	GlobalSection(NestedProjects) = preSolution
		{744B652A-12EA-4E16-AFB3-FFFAFDE7E19C} = {489066E7-6F95-49F3-826A-13ED2E781225}
		{D6EA0CD0-AF24-40CF-AAFE-DB4A8588056D} = {8090C090-4458-4BE2-AE31-B4C9626261A6}
		{7B3BA7BC-B925-4153-9975-E2C458992E11} = {66A7EFD6-047A-4BC1-8D6F-889FE787995B}
		{3996404F-53FE-41D2-96FE-A9E40154BE69} = {489066E7-6F95-49F3-826A-13ED2E781225}
		{CA0DD98B-E405-4324-9956-F6DB60020966} = {3D252C3D-2DAC-4DF7-BBC6-67CD2336ED01}
		{17FE9243-B5FF-4FD3-AE48-D7E3B133575F} = {8045CC64-2477-499F-B7FC-FACC687D2B1F}
		{D0637C9F-8D74-47BA-A027-6FBA38A87638} = {9F1C60C5-D6CA-4E3A-8F1C-4E886265FA51}
		{EA310C7F-0A7C-4D0F-A6D4-A7D959CC4145} = {9F1C60C5-D6CA-4E3A-8F1C-4E886265FA51}
		{16799416-316E-4797-B196-34762FC8BFDF} = {9F1C60C5-D6CA-4E3A-8F1C-4E886265FA51}
	EndGlobalSection
	GlobalSection(ExtensibilityGlobals) = postSolution
		SolutionGuid = {4AE53AE4-57C3-40DE-8457-2268CF60386E}
	EndGlobalSection
EndGlobal
